
Microsoft Visual Studio Solution File, Format Version 12.00
# Visual Studio Version 16
VisualStudioVersion = 16.0.29306.81
MinimumVisualStudioVersion = 10.0.40219.1
Project("{9092AA53-FB77-4645-B42D-1CCCA6BD08BD}") = "ClientDiffuseLightPlattformer", "ClientDiffuseLightPlattformer.njsproj", "{7185B6B7-9662-4B47-9BFD-E11CCDFA945E}"
EndProject
Global
	GlobalSection(SolutionConfigurationPlatforms) = preSolution
		Debug|Any CPU = Debug|Any CPU
		Release|Any CPU = Release|Any CPU
	EndGlobalSection
	GlobalSection(ProjectConfigurationPlatforms) = postSolution
		{7185B6B7-9662-4B47-9BFD-E11CCDFA945E}.Debug|Any CPU.ActiveCfg = Debug|Any CPU
		{7185B6B7-9662-4B47-9BFD-E11CCDFA945E}.Debug|Any CPU.Build.0 = Debug|Any CPU
		{7185B6B7-9662-4B47-9BFD-E11CCDFA945E}.Release|Any CPU.ActiveCfg = Release|Any CPU
		{7185B6B7-9662-4B47-9BFD-E11CCDFA945E}.Release|Any CPU.Build.0 = Release|Any CPU
	EndGlobalSection
	GlobalSection(SolutionProperties) = preSolution
		HideSolutionNode = FALSE
	EndGlobalSection
	GlobalSection(ExtensibilityGlobals) = postSolution
		SolutionGuid = {8A465942-EB41-4261-A39D-5D22F2BD742C}
	EndGlobalSection
EndGlobal
